
Microsoft Visual Studio Solution File, Format Version 12.00
# Visual Studio 14
VisualStudioVersion = 14.0.25420.1
MinimumVisualStudioVersion = 10.0.40219.1
Project("{FAE04EC0-301F-11D3-BF4B-00C04F79EFBC}") = "WebsiteDownloader", "WebsiteDownloader\WebsiteDownloader.csproj", "{66BCB8BE-8F3C-49AA-B563-6FEAB0AB2475}"
EndProject
Project("{FAE04EC0-301F-11D3-BF4B-00C04F79EFBC}") = "SharpHttp", "..\SharpHttp\SharpHttp\SharpHttp.csproj", "{49BB9B8D-835D-4148-837F-5E5DE2C2AFB8}"
EndProject
Project("{FAE04EC0-301F-11D3-BF4B-00C04F79EFBC}") = "WebsiteDownloader.Test", "WebsiteDownloader.Test\WebsiteDownloader.Test.csproj", "{CD95F832-50EA-4B12-A89B-3EBAAA19F9AF}"
EndProject
Global
	GlobalSection(SolutionConfigurationPlatforms) = preSolution
		Debug|Any CPU = Debug|Any CPU
		Release|Any CPU = Release|Any CPU
	EndGlobalSection
	GlobalSection(ProjectConfigurationPlatforms) = postSolution
		{66BCB8BE-8F3C-49AA-B563-6FEAB0AB2475}.Debug|Any CPU.ActiveCfg = Debug|Any CPU
		{66BCB8BE-8F3C-49AA-B563-6FEAB0AB2475}.Debug|Any CPU.Build.0 = Debug|Any CPU
		{66BCB8BE-8F3C-49AA-B563-6FEAB0AB2475}.Release|Any CPU.ActiveCfg = Release|Any CPU
		{66BCB8BE-8F3C-49AA-B563-6FEAB0AB2475}.Release|Any CPU.Build.0 = Release|Any CPU
		{49BB9B8D-835D-4148-837F-5E5DE2C2AFB8}.Debug|Any CPU.ActiveCfg = Debug|Any CPU
		{49BB9B8D-835D-4148-837F-5E5DE2C2AFB8}.Debug|Any CPU.Build.0 = Debug|Any CPU
		{49BB9B8D-835D-4148-837F-5E5DE2C2AFB8}.Release|Any CPU.ActiveCfg = Release|Any CPU
		{49BB9B8D-835D-4148-837F-5E5DE2C2AFB8}.Release|Any CPU.Build.0 = Release|Any CPU
		{CD95F832-50EA-4B12-A89B-3EBAAA19F9AF}.Debug|Any CPU.ActiveCfg = Debug|Any CPU
		{CD95F832-50EA-4B12-A89B-3EBAAA19F9AF}.Debug|Any CPU.Build.0 = Debug|Any CPU
		{CD95F832-50EA-4B12-A89B-3EBAAA19F9AF}.Release|Any CPU.ActiveCfg = Release|Any CPU
		{CD95F832-50EA-4B12-A89B-3EBAAA19F9AF}.Release|Any CPU.Build.0 = Release|Any CPU
	EndGlobalSection
	GlobalSection(SolutionProperties) = preSolution
		HideSolutionNode = FALSE
	EndGlobalSection
EndGlobal
